// !$*UTF8*$!
{
	archiveVersion = 1;
	classes = {
	};
	objectVersion = 77;
	objects = {

/* Begin PBXBuildFile section */
		F6EE002B2E3845F20062D158 /* UzoFitnessWatch Watch App.app in Embed Watch Content */ = {isa = PBXBuildFile; fileRef = F6EE00212E3845F20062D158 /* UzoFitnessWatch Watch App.app */; settings = {ATTRIBUTES = (RemoveHeadersOnCopy, ); }; };
		F6EE00412E3856C30062D158 /* UzoFitnessCore in Frameworks */ = {isa = PBXBuildFile; productRef = F6EE00402E3856C30062D158 /* UzoFitnessCore */; };
		F6EEFA5D2E2ADDDD0062D158 /* UzoFitnessCore in Frameworks */ = {isa = PBXBuildFile; productRef = F6EEFA5C2E2ADDDD0062D158 /* UzoFitnessCore */; };
/* End PBXBuildFile section */

/* Begin PBXContainerItemProxy section */
		F65E614B2DFFA78A00A2D01C /* PBXContainerItemProxy */ = {
			isa = PBXContainerItemProxy;
			containerPortal = F65E61332DFFA78900A2D01C /* Project object */;
			proxyType = 1;
			remoteGlobalIDString = F65E613A2DFFA78900A2D01C;
			remoteInfo = UzoFitness;
		};
		F65E61552DFFA78A00A2D01C /* PBXContainerItemProxy */ = {
			isa = PBXContainerItemProxy;
			containerPortal = F65E61332DFFA78900A2D01C /* Project object */;
			proxyType = 1;
			remoteGlobalIDString = F65E613A2DFFA78900A2D01C;
			remoteInfo = UzoFitness;
		};
		F6EE00292E3845F20062D158 /* PBXContainerItemProxy */ = {
			isa = PBXContainerItemProxy;
			containerPortal = F65E61332DFFA78900A2D01C /* Project object */;
			proxyType = 1;
			remoteGlobalIDString = F6EE00202E3845F20062D158;
			remoteInfo = "UzoFitnessWatch Watch App";
		};
/* End PBXContainerItemProxy section */

/* Begin PBXCopyFilesBuildPhase section */
		F6EE002C2E3845F20062D158 /* Embed Watch Content */ = {
			isa = PBXCopyFilesBuildPhase;
			buildActionMask = 2147483647;
			dstPath = "$(CONTENTS_FOLDER_PATH)/Watch";
			dstSubfolderSpec = 16;
			files = (
				F6EE002B2E3845F20062D158 /* UzoFitnessWatch Watch App.app in Embed Watch Content */,
			);
			name = "Embed Watch Content";
			runOnlyForDeploymentPostprocessing = 0;
		};
/* End PBXCopyFilesBuildPhase section */

/* Begin PBXFileReference section */
		F65E613B2DFFA78900A2D01C /* UzoFitness.app */ = {isa = PBXFileReference; explicitFileType = wrapper.application; includeInIndex = 0; path = UzoFitness.app; sourceTree = BUILT_PRODUCTS_DIR; };
		F65E614A2DFFA78A00A2D01C /* UzoFitnessTests.xctest */ = {isa = PBXFileReference; explicitFileType = wrapper.cfbundle; includeInIndex = 0; path = UzoFitnessTests.xctest; sourceTree = BUILT_PRODUCTS_DIR; };
		F65E61542DFFA78A00A2D01C /* UzoFitnessUITests.xctest */ = {isa = PBXFileReference; explicitFileType = wrapper.cfbundle; includeInIndex = 0; path = UzoFitnessUITests.xctest; sourceTree = BUILT_PRODUCTS_DIR; };
		F6EE00212E3845F20062D158 /* UzoFitnessWatch Watch App.app */ = {isa = PBXFileReference; explicitFileType = wrapper.application; includeInIndex = 0; path = "UzoFitnessWatch Watch App.app"; sourceTree = BUILT_PRODUCTS_DIR; };
/* End PBXFileReference section */

/* Begin PBXFileSystemSynchronizedBuildFileExceptionSet section */
		F6BA9A652E03C03200AB8E0E /* Exceptions for "UzoFitness" folder in "UzoFitness" target */ = {
			isa = PBXFileSystemSynchronizedBuildFileExceptionSet;
			membershipExceptions = (
				Resources/Info.plist,
			);
			target = F65E613A2DFFA78900A2D01C /* UzoFitness */;
		};
/* End PBXFileSystemSynchronizedBuildFileExceptionSet section */

/* Begin PBXFileSystemSynchronizedRootGroup section */
		F65E613D2DFFA78900A2D01C /* UzoFitness */ = {
			isa = PBXFileSystemSynchronizedRootGroup;
			exceptions = (
				F6BA9A652E03C03200AB8E0E /* Exceptions for "UzoFitness" folder in "UzoFitness" target */,
			);
			path = UzoFitness;
			sourceTree = "<group>";
		};
		F65E614D2DFFA78A00A2D01C /* UzoFitnessTests */ = {
			isa = PBXFileSystemSynchronizedRootGroup;
			path = UzoFitnessTests;
			sourceTree = "<group>";
		};
		F65E61572DFFA78A00A2D01C /* UzoFitnessUITests */ = {
			isa = PBXFileSystemSynchronizedRootGroup;
			path = UzoFitnessUITests;
			sourceTree = "<group>";
		};
		F6EE00222E3845F20062D158 /* UzoFitnessWatch Watch App */ = {
			isa = PBXFileSystemSynchronizedRootGroup;
			path = "UzoFitnessWatch Watch App";
			sourceTree = "<group>";
		};
/* End PBXFileSystemSynchronizedRootGroup section */

/* Begin PBXFrameworksBuildPhase section */
		F65E61382DFFA78900A2D01C /* Frameworks */ = {
			isa = PBXFrameworksBuildPhase;
			buildActionMask = 2147483647;
			files = (
				F6EEFA5D2E2ADDDD0062D158 /* UzoFitnessCore in Frameworks */,
			);
			runOnlyForDeploymentPostprocessing = 0;
		};
		F65E61472DFFA78A00A2D01C /* Frameworks */ = {
			isa = PBXFrameworksBuildPhase;
			buildActionMask = 2147483647;
			files = (
			);
			runOnlyForDeploymentPostprocessing = 0;
		};
		F65E61512DFFA78A00A2D01C /* Frameworks */ = {
			isa = PBXFrameworksBuildPhase;
			buildActionMask = 2147483647;
			files = (
			);
			runOnlyForDeploymentPostprocessing = 0;
		};
		F6EE001E2E3845F20062D158 /* Frameworks */ = {
			isa = PBXFrameworksBuildPhase;
			buildActionMask = 2147483647;
			files = (
				F6EE00412E3856C30062D158 /* UzoFitnessCore in Frameworks */,
			);
			runOnlyForDeploymentPostprocessing = 0;
		};
/* End PBXFrameworksBuildPhase section */

/* Begin PBXGroup section */
		F65E61322DFFA78900A2D01C = {
			isa = PBXGroup;
			children = (
				F65E613D2DFFA78900A2D01C /* UzoFitness */,
				F65E614D2DFFA78A00A2D01C /* UzoFitnessTests */,
				F65E61572DFFA78A00A2D01C /* UzoFitnessUITests */,
				F6EE00222E3845F20062D158 /* UzoFitnessWatch Watch App */,
				F6EE003C2E3856640062D158 /* Frameworks */,
				F65E613C2DFFA78900A2D01C /* Products */,
			);
			sourceTree = "<group>";
		};
		F65E613C2DFFA78900A2D01C /* Products */ = {
			isa = PBXGroup;
			children = (
				F65E613B2DFFA78900A2D01C /* UzoFitness.app */,
				F65E614A2DFFA78A00A2D01C /* UzoFitnessTests.xctest */,
				F65E61542DFFA78A00A2D01C /* UzoFitnessUITests.xctest */,
				F6EE00212E3845F20062D158 /* UzoFitnessWatch Watch App.app */,
			);
			name = Products;
			sourceTree = "<group>";
		};
		F6EE003C2E3856640062D158 /* Frameworks */ = {
			isa = PBXGroup;
			children = (
			);
			name = Frameworks;
			sourceTree = "<group>";
		};
/* End PBXGroup section */

/* Begin PBXNativeTarget section */
		F65E613A2DFFA78900A2D01C /* UzoFitness */ = {
			isa = PBXNativeTarget;
			buildConfigurationList = F65E615E2DFFA78A00A2D01C /* Build configuration list for PBXNativeTarget "UzoFitness" */;
			buildPhases = (
				F65E61372DFFA78900A2D01C /* Sources */,
				F65E61382DFFA78900A2D01C /* Frameworks */,
				F65E61392DFFA78900A2D01C /* Resources */,
				F6EE002C2E3845F20062D158 /* Embed Watch Content */,
			);
			buildRules = (
			);
			dependencies = (
				F6EE002A2E3845F20062D158 /* PBXTargetDependency */,
			);
			fileSystemSynchronizedGroups = (
				F65E613D2DFFA78900A2D01C /* UzoFitness */,
			);
			name = UzoFitness;
			packageProductDependencies = (
				F6EEFA5C2E2ADDDD0062D158 /* UzoFitnessCore */,
			);
			productName = UzoFitness;
			productReference = F65E613B2DFFA78900A2D01C /* UzoFitness.app */;
			productType = "com.apple.product-type.application";
		};
		F65E61492DFFA78A00A2D01C /* UzoFitnessTests */ = {
			isa = PBXNativeTarget;
			buildConfigurationList = F65E61612DFFA78A00A2D01C /* Build configuration list for PBXNativeTarget "UzoFitnessTests" */;
			buildPhases = (
				F65E61462DFFA78A00A2D01C /* Sources */,
				F65E61472DFFA78A00A2D01C /* Frameworks */,
				F65E61482DFFA78A00A2D01C /* Resources */,
			);
			buildRules = (
			);
			dependencies = (
				F65E614C2DFFA78A00A2D01C /* PBXTargetDependency */,
			);
			fileSystemSynchronizedGroups = (
				F65E614D2DFFA78A00A2D01C /* UzoFitnessTests */,
			);
			name = UzoFitnessTests;
			packageProductDependencies = (
			);
			productName = UzoFitnessTests;
			productReference = F65E614A2DFFA78A00A2D01C /* UzoFitnessTests.xctest */;
			productType = "com.apple.product-type.bundle.unit-test";
		};
		F65E61532DFFA78A00A2D01C /* UzoFitnessUITests */ = {
			isa = PBXNativeTarget;
			buildConfigurationList = F65E61642DFFA78A00A2D01C /* Build configuration list for PBXNativeTarget "UzoFitnessUITests" */;
			buildPhases = (
				F65E61502DFFA78A00A2D01C /* Sources */,
				F65E61512DFFA78A00A2D01C /* Frameworks */,
				F65E61522DFFA78A00A2D01C /* Resources */,
			);
			buildRules = (
			);
			dependencies = (
				F65E61562DFFA78A00A2D01C /* PBXTargetDependency */,
			);
			fileSystemSynchronizedGroups = (
				F65E61572DFFA78A00A2D01C /* UzoFitnessUITests */,
			);
			name = UzoFitnessUITests;
			packageProductDependencies = (
			);
			productName = UzoFitnessUITests;
			productReference = F65E61542DFFA78A00A2D01C /* UzoFitnessUITests.xctest */;
			productType = "com.apple.product-type.bundle.ui-testing";
		};
		F6EE00202E3845F20062D158 /* UzoFitnessWatch Watch App */ = {
			isa = PBXNativeTarget;
			buildConfigurationList = F6EE002F2E3845F20062D158 /* Build configuration list for PBXNativeTarget "UzoFitnessWatch Watch App" */;
			buildPhases = (
				F6EE001D2E3845F20062D158 /* Sources */,
				F6EE001E2E3845F20062D158 /* Frameworks */,
				F6EE001F2E3845F20062D158 /* Resources */,
			);
			buildRules = (
			);
			dependencies = (
			);
			fileSystemSynchronizedGroups = (
				F6EE00222E3845F20062D158 /* UzoFitnessWatch Watch App */,
			);
			name = "UzoFitnessWatch Watch App";
			packageProductDependencies = (
				F6EE00402E3856C30062D158 /* UzoFitnessCore */,
			);
			productName = "UzoFitnessWatch Watch App";
			productReference = F6EE00212E3845F20062D158 /* UzoFitnessWatch Watch App.app */;
			productType = "com.apple.product-type.application";
		};
/* End PBXNativeTarget section */

/* Begin PBXProject section */
		F65E61332DFFA78900A2D01C /* Project object */ = {
			isa = PBXProject;
			attributes = {
				BuildIndependentTargetsInParallel = 1;
				LastSwiftUpdateCheck = 1640;
				LastUpgradeCheck = 1640;
				TargetAttributes = {
					F65E613A2DFFA78900A2D01C = {
						CreatedOnToolsVersion = 16.4;
					};
					F65E61492DFFA78A00A2D01C = {
						CreatedOnToolsVersion = 16.4;
						TestTargetID = F65E613A2DFFA78900A2D01C;
					};
					F65E61532DFFA78A00A2D01C = {
						CreatedOnToolsVersion = 16.4;
						TestTargetID = F65E613A2DFFA78900A2D01C;
					};
					F6EE00202E3845F20062D158 = {
						CreatedOnToolsVersion = 16.4;
					};
				};
			};
			buildConfigurationList = F65E61362DFFA78900A2D01C /* Build configuration list for PBXProject "UzoFitness" */;
			developmentRegion = en;
			hasScannedForEncodings = 0;
			knownRegions = (
				en,
				Base,
			);
			mainGroup = F65E61322DFFA78900A2D01C;
			minimizedProjectReferenceProxies = 1;
			packageReferences = (
				F6EE003F2E38567D0062D158 /* XCLocalSwiftPackageReference "UzoFitnessCore" */,
			);
			preferredProjectObjectVersion = 77;
			productRefGroup = F65E613C2DFFA78900A2D01C /* Products */;
			projectDirPath = "";
			projectRoot = "";
			targets = (
				F65E613A2DFFA78900A2D01C /* UzoFitness */,
				F65E61492DFFA78A00A2D01C /* UzoFitnessTests */,
				F65E61532DFFA78A00A2D01C /* UzoFitnessUITests */,
				F6EE00202E3845F20062D158 /* UzoFitnessWatch Watch App */,
			);
		};
/* End PBXProject section */

/* Begin PBXResourcesBuildPhase section */
		F65E61392DFFA78900A2D01C /* Resources */ = {
			isa = PBXResourcesBuildPhase;
			buildActionMask = 2147483647;
			files = (
			);
			runOnlyForDeploymentPostprocessing = 0;
		};
		F65E61482DFFA78A00A2D01C /* Resources */ = {
			isa = PBXResourcesBuildPhase;
			buildActionMask = 2147483647;
			files = (
			);
			runOnlyForDeploymentPostprocessing = 0;
		};
		F65E61522DFFA78A00A2D01C /* Resources */ = {
			isa = PBXResourcesBuildPhase;
			buildActionMask = 2147483647;
			files = (
			);
			runOnlyForDeploymentPostprocessing = 0;
		};
		F6EE001F2E3845F20062D158 /* Resources */ = {
			isa = PBXResourcesBuildPhase;
			buildActionMask = 2147483647;
			files = (
			);
			runOnlyForDeploymentPostprocessing = 0;
		};
/* End PBXResourcesBuildPhase section */

/* Begin PBXSourcesBuildPhase section */
		F65E61372DFFA78900A2D01C /* Sources */ = {
			isa = PBXSourcesBuildPhase;
			buildActionMask = 2147483647;
			files = (
			);
			runOnlyForDeploymentPostprocessing = 0;
		};
		F65E61462DFFA78A00A2D01C /* Sources */ = {
			isa = PBXSourcesBuildPhase;
			buildActionMask = 2147483647;
			files = (
			);
			runOnlyForDeploymentPostprocessing = 0;
		};
		F65E61502DFFA78A00A2D01C /* Sources */ = {
			isa = PBXSourcesBuildPhase;
			buildActionMask = 2147483647;
			files = (
			);
			runOnlyForDeploymentPostprocessing = 0;
		};
		F6EE001D2E3845F20062D158 /* Sources */ = {
			isa = PBXSourcesBuildPhase;
			buildActionMask = 2147483647;
			files = (
			);
			runOnlyForDeploymentPostprocessing = 0;
		};
/* End PBXSourcesBuildPhase section */

/* Begin PBXTargetDependency section */
		F65E614C2DFFA78A00A2D01C /* PBXTargetDependency */ = {
			isa = PBXTargetDependency;
			target = F65E613A2DFFA78900A2D01C /* UzoFitness */;
			targetProxy = F65E614B2DFFA78A00A2D01C /* PBXContainerItemProxy */;
		};
		F65E61562DFFA78A00A2D01C /* PBXTargetDependency */ = {
			isa = PBXTargetDependency;
			target = F65E613A2DFFA78900A2D01C /* UzoFitness */;
			targetProxy = F65E61552DFFA78A00A2D01C /* PBXContainerItemProxy */;
		};
		F6EE002A2E3845F20062D158 /* PBXTargetDependency */ = {
			isa = PBXTargetDependency;
			target = F6EE00202E3845F20062D158 /* UzoFitnessWatch Watch App */;
			targetProxy = F6EE00292E3845F20062D158 /* PBXContainerItemProxy */;
		};
/* End PBXTargetDependency section */

/* Begin XCBuildConfiguration section */
		F65E615C2DFFA78A00A2D01C /* Debug */ = {
			isa = XCBuildConfiguration;
			buildSettings = {
				ALWAYS_SEARCH_USER_PATHS = NO;
				ASSETCATALOG_COMPILER_GENERATE_SWIFT_ASSET_SYMBOL_EXTENSIONS = YES;
				CLANG_ANALYZER_NONNULL = YES;
				CLANG_ANALYZER_NUMBER_OBJECT_CONVERSION = YES_AGGRESSIVE;
				CLANG_CXX_LANGUAGE_STANDARD = "gnu++20";
				CLANG_ENABLE_MODULES = YES;
				CLANG_ENABLE_OBJC_ARC = YES;
				CLANG_ENABLE_OBJC_WEAK = YES;
				CLANG_WARN_BLOCK_CAPTURE_AUTORELEASING = YES;
				CLANG_WARN_BOOL_CONVERSION = YES;
				CLANG_WARN_COMMA = YES;
				CLANG_WARN_CONSTANT_CONVERSION = YES;
				CLANG_WARN_DEPRECATED_OBJC_IMPLEMENTATIONS = YES;
				CLANG_WARN_DIRECT_OBJC_ISA_USAGE = YES_ERROR;
				CLANG_WARN_DOCUMENTATION_COMMENTS = YES;
				CLANG_WARN_EMPTY_BODY = YES;
				CLANG_WARN_ENUM_CONVERSION = YES;
				CLANG_WARN_INFINITE_RECURSION = YES;
				CLANG_WARN_INT_CONVERSION = YES;
				CLANG_WARN_NON_LITERAL_NULL_CONVERSION = YES;
				CLANG_WARN_OBJC_IMPLICIT_RETAIN_SELF = YES;
				CLANG_WARN_OBJC_LITERAL_CONVERSION = YES;
				CLANG_WARN_OBJC_ROOT_CLASS = YES_ERROR;
				CLANG_WARN_QUOTED_INCLUDE_IN_FRAMEWORK_HEADER = YES;
				CLANG_WARN_RANGE_LOOP_ANALYSIS = YES;
				CLANG_WARN_STRICT_PROTOTYPES = YES;
				CLANG_WARN_SUSPICIOUS_MOVE = YES;
				CLANG_WARN_UNGUARDED_AVAILABILITY = YES_AGGRESSIVE;
				CLANG_WARN_UNREACHABLE_CODE = YES;
				CLANG_WARN__DUPLICATE_METHOD_MATCH = YES;
				COPY_PHASE_STRIP = NO;
				DEBUG_INFORMATION_FORMAT = dwarf;
				DEVELOPMENT_TEAM = 4Q3A2PZ842;
				ENABLE_STRICT_OBJC_MSGSEND = YES;
				ENABLE_TESTABILITY = YES;
				ENABLE_USER_SCRIPT_SANDBOXING = YES;
				GCC_C_LANGUAGE_STANDARD = gnu17;
				GCC_DYNAMIC_NO_PIC = NO;
				GCC_NO_COMMON_BLOCKS = YES;
				GCC_OPTIMIZATION_LEVEL = 0;
				GCC_PREPROCESSOR_DEFINITIONS = (
					"DEBUG=1",
					"$(inherited)",
				);
				GCC_WARN_64_TO_32_BIT_CONVERSION = YES;
				GCC_WARN_ABOUT_RETURN_TYPE = YES_ERROR;
				GCC_WARN_UNDECLARED_SELECTOR = YES;
				GCC_WARN_UNINITIALIZED_AUTOS = YES_AGGRESSIVE;
				GCC_WARN_UNUSED_FUNCTION = YES;
				GCC_WARN_UNUSED_VARIABLE = YES;
				IPHONEOS_DEPLOYMENT_TARGET = 18.5;
				LOCALIZATION_PREFERS_STRING_CATALOGS = YES;
				MTL_ENABLE_DEBUG_INFO = INCLUDE_SOURCE;
				MTL_FAST_MATH = YES;
				ONLY_ACTIVE_ARCH = YES;
				SDKROOT = iphoneos;
				SWIFT_ACTIVE_COMPILATION_CONDITIONS = "DEBUG $(inherited)";
				SWIFT_OPTIMIZATION_LEVEL = "-Onone";
			};
			name = Debug;
		};
		F65E615D2DFFA78A00A2D01C /* Release */ = {
			isa = XCBuildConfiguration;
			buildSettings = {
				ALWAYS_SEARCH_USER_PATHS = NO;
				ASSETCATALOG_COMPILER_GENERATE_SWIFT_ASSET_SYMBOL_EXTENSIONS = YES;
				CLANG_ANALYZER_NONNULL = YES;
				CLANG_ANALYZER_NUMBER_OBJECT_CONVERSION = YES_AGGRESSIVE;
				CLANG_CXX_LANGUAGE_STANDARD = "gnu++20";
				CLANG_ENABLE_MODULES = YES;
				CLANG_ENABLE_OBJC_ARC = YES;
				CLANG_ENABLE_OBJC_WEAK = YES;
				CLANG_WARN_BLOCK_CAPTURE_AUTORELEASING = YES;
				CLANG_WARN_BOOL_CONVERSION = YES;
				CLANG_WARN_COMMA = YES;
				CLANG_WARN_CONSTANT_CONVERSION = YES;
				CLANG_WARN_DEPRECATED_OBJC_IMPLEMENTATIONS = YES;
				CLANG_WARN_DIRECT_OBJC_ISA_USAGE = YES_ERROR;
				CLANG_WARN_DOCUMENTATION_COMMENTS = YES;
				CLANG_WARN_EMPTY_BODY = YES;
				CLANG_WARN_ENUM_CONVERSION = YES;
				CLANG_WARN_INFINITE_RECURSION = YES;
				CLANG_WARN_INT_CONVERSION = YES;
				CLANG_WARN_NON_LITERAL_NULL_CONVERSION = YES;
				CLANG_WARN_OBJC_IMPLICIT_RETAIN_SELF = YES;
				CLANG_WARN_OBJC_LITERAL_CONVERSION = YES;
				CLANG_WARN_OBJC_ROOT_CLASS = YES_ERROR;
				CLANG_WARN_QUOTED_INCLUDE_IN_FRAMEWORK_HEADER = YES;
				CLANG_WARN_RANGE_LOOP_ANALYSIS = YES;
				CLANG_WARN_STRICT_PROTOTYPES = YES;
				CLANG_WARN_SUSPICIOUS_MOVE = YES;
				CLANG_WARN_UNGUARDED_AVAILABILITY = YES_AGGRESSIVE;
				CLANG_WARN_UNREACHABLE_CODE = YES;
				CLANG_WARN__DUPLICATE_METHOD_MATCH = YES;
				COPY_PHASE_STRIP = NO;
				DEBUG_INFORMATION_FORMAT = "dwarf-with-dsym";
				DEVELOPMENT_TEAM = 4Q3A2PZ842;
				ENABLE_NS_ASSERTIONS = NO;
				ENABLE_STRICT_OBJC_MSGSEND = YES;
				ENABLE_USER_SCRIPT_SANDBOXING = YES;
				GCC_C_LANGUAGE_STANDARD = gnu17;
				GCC_NO_COMMON_BLOCKS = YES;
				GCC_WARN_64_TO_32_BIT_CONVERSION = YES;
				GCC_WARN_ABOUT_RETURN_TYPE = YES_ERROR;
				GCC_WARN_UNDECLARED_SELECTOR = YES;
				GCC_WARN_UNINITIALIZED_AUTOS = YES_AGGRESSIVE;
				GCC_WARN_UNUSED_FUNCTION = YES;
				GCC_WARN_UNUSED_VARIABLE = YES;
				IPHONEOS_DEPLOYMENT_TARGET = 18.5;
				LOCALIZATION_PREFERS_STRING_CATALOGS = YES;
				MTL_ENABLE_DEBUG_INFO = NO;
				MTL_FAST_MATH = YES;
				SDKROOT = iphoneos;
				SWIFT_COMPILATION_MODE = wholemodule;
				VALIDATE_PRODUCT = YES;
			};
			name = Release;
		};
		F65E615F2DFFA78A00A2D01C /* Debug */ = {
			isa = XCBuildConfiguration;
			buildSettings = {
				ASSETCATALOG_COMPILER_APPICON_NAME = AppIcon;
				ASSETCATALOG_COMPILER_GLOBAL_ACCENT_COLOR_NAME = AccentColor;
				CODE_SIGN_ENTITLEMENTS = UzoFitness/UzoFitness.entitlements;
				CODE_SIGN_STYLE = Automatic;
				CURRENT_PROJECT_VERSION = 1;
				DEVELOPMENT_TEAM = 4Q3A2PZ842;
				ENABLE_PREVIEWS = YES;
				GENERATE_INFOPLIST_FILE = YES;
				INFOPLIST_KEY_NSHealthShareUsageDescription = "We use HealthKit to read your body weight and body fat percentage so you can track your fitness progress.";
				INFOPLIST_KEY_NSPhotoLibraryAddUsageDescription = "We save progress photos to your photo library so you can track your fitness transformation over time.";
				INFOPLIST_KEY_NSPhotoLibraryUsageDescription = "We access your photo library to save photos for angles and so you can upload progress photos and compare changes over time.";
				INFOPLIST_KEY_UIApplicationSceneManifest_Generation = YES;
				INFOPLIST_KEY_UIApplicationSupportsIndirectInputEvents = YES;
				INFOPLIST_KEY_UILaunchScreen_Generation = YES;
				INFOPLIST_KEY_UISupportedInterfaceOrientations_iPad = "UIInterfaceOrientationPortrait UIInterfaceOrientationPortraitUpsideDown UIInterfaceOrientationLandscapeLeft UIInterfaceOrientationLandscapeRight";
				INFOPLIST_KEY_UISupportedInterfaceOrientations_iPhone = "UIInterfaceOrientationPortrait UIInterfaceOrientationLandscapeLeft UIInterfaceOrientationLandscapeRight";
				IPHONEOS_DEPLOYMENT_TARGET = 18.0;
				LD_RUNPATH_SEARCH_PATHS = (
					"$(inherited)",
					"@executable_path/Frameworks",
				);
				MARKETING_VERSION = 1.0;
				PRODUCT_BUNDLE_IDENTIFIER = kosiuzodinma.UzoFitness;
				PRODUCT_NAME = "$(TARGET_NAME)";
				SWIFT_EMIT_LOC_STRINGS = YES;
				SWIFT_VERSION = 5.0;
				TARGETED_DEVICE_FAMILY = "1,2";
			};
			name = Debug;
		};
		F65E61602DFFA78A00A2D01C /* Release */ = {
			isa = XCBuildConfiguration;
			buildSettings = {
				ASSETCATALOG_COMPILER_APPICON_NAME = AppIcon;
				ASSETCATALOG_COMPILER_GLOBAL_ACCENT_COLOR_NAME = AccentColor;
				CODE_SIGN_ENTITLEMENTS = UzoFitness/UzoFitnessRelease.entitlements;
				CODE_SIGN_STYLE = Automatic;
				CURRENT_PROJECT_VERSION = 1;
				DEVELOPMENT_TEAM = 4Q3A2PZ842;
				ENABLE_PREVIEWS = YES;
				GENERATE_INFOPLIST_FILE = YES;
				INFOPLIST_KEY_NSHealthShareUsageDescription = "We use HealthKit to read your body weight and body fat percentage so you can track your fitness progress.";
				INFOPLIST_KEY_NSPhotoLibraryAddUsageDescription = "We save progress photos to your photo library so you can track your fitness transformation over time.";
				INFOPLIST_KEY_NSPhotoLibraryUsageDescription = "We access your photo library to save photos for angles and so you can upload progress photos and compare changes over time.";
				INFOPLIST_KEY_UIApplicationSceneManifest_Generation = YES;
				INFOPLIST_KEY_UIApplicationSupportsIndirectInputEvents = YES;
				INFOPLIST_KEY_UILaunchScreen_Generation = YES;
				INFOPLIST_KEY_UISupportedInterfaceOrientations_iPad = "UIInterfaceOrientationPortrait UIInterfaceOrientationPortraitUpsideDown UIInterfaceOrientationLandscapeLeft UIInterfaceOrientationLandscapeRight";
				INFOPLIST_KEY_UISupportedInterfaceOrientations_iPhone = "UIInterfaceOrientationPortrait UIInterfaceOrientationLandscapeLeft UIInterfaceOrientationLandscapeRight";
				IPHONEOS_DEPLOYMENT_TARGET = 18.0;
				LD_RUNPATH_SEARCH_PATHS = (
					"$(inherited)",
					"@executable_path/Frameworks",
				);
				MARKETING_VERSION = 1.0;
				PRODUCT_BUNDLE_IDENTIFIER = kosiuzodinma.UzoFitness;
				PRODUCT_NAME = "$(TARGET_NAME)";
				SWIFT_EMIT_LOC_STRINGS = YES;
				SWIFT_VERSION = 5.0;
				TARGETED_DEVICE_FAMILY = "1,2";
			};
			name = Release;
		};
		F65E61622DFFA78A00A2D01C /* Debug */ = {
			isa = XCBuildConfiguration;
			buildSettings = {
				BUNDLE_LOADER = "$(TEST_HOST)";
				CODE_SIGN_STYLE = Automatic;
				CURRENT_PROJECT_VERSION = 1;
				DEVELOPMENT_TEAM = 4Q3A2PZ842;
				GENERATE_INFOPLIST_FILE = YES;
				IPHONEOS_DEPLOYMENT_TARGET = 18.5;
				MARKETING_VERSION = 1.0;
				PRODUCT_BUNDLE_IDENTIFIER = kosiuzodinma.UzoFitnessTests;
				PRODUCT_NAME = "$(TARGET_NAME)";
				SWIFT_EMIT_LOC_STRINGS = NO;
				SWIFT_VERSION = 5.0;
				TARGETED_DEVICE_FAMILY = "1,2";
				TEST_HOST = "$(BUILT_PRODUCTS_DIR)/UzoFitness.app/$(BUNDLE_EXECUTABLE_FOLDER_PATH)/UzoFitness";
			};
			name = Debug;
		};
		F65E61632DFFA78A00A2D01C /* Release */ = {
			isa = XCBuildConfiguration;
			buildSettings = {
				BUNDLE_LOADER = "$(TEST_HOST)";
				CODE_SIGN_STYLE = Automatic;
				CURRENT_PROJECT_VERSION = 1;
				DEVELOPMENT_TEAM = 4Q3A2PZ842;
				GENERATE_INFOPLIST_FILE = YES;
				IPHONEOS_DEPLOYMENT_TARGET = 18.5;
				MARKETING_VERSION = 1.0;
				PRODUCT_BUNDLE_IDENTIFIER = kosiuzodinma.UzoFitnessTests;
				PRODUCT_NAME = "$(TARGET_NAME)";
				SWIFT_EMIT_LOC_STRINGS = NO;
				SWIFT_VERSION = 5.0;
				TARGETED_DEVICE_FAMILY = "1,2";
				TEST_HOST = "$(BUILT_PRODUCTS_DIR)/UzoFitness.app/$(BUNDLE_EXECUTABLE_FOLDER_PATH)/UzoFitness";
			};
			name = Release;
		};
		F65E61652DFFA78A00A2D01C /* Debug */ = {
			isa = XCBuildConfiguration;
			buildSettings = {
				CODE_SIGN_STYLE = Automatic;
				CURRENT_PROJECT_VERSION = 1;
				DEVELOPMENT_TEAM = 4Q3A2PZ842;
				GENERATE_INFOPLIST_FILE = YES;
				MARKETING_VERSION = 1.0;
				PRODUCT_BUNDLE_IDENTIFIER = kosiuzodinma.UzoFitnessUITests;
				PRODUCT_NAME = "$(TARGET_NAME)";
				SWIFT_EMIT_LOC_STRINGS = NO;
				SWIFT_VERSION = 5.0;
				TARGETED_DEVICE_FAMILY = "1,2";
				TEST_TARGET_NAME = UzoFitness;
			};
			name = Debug;
		};
		F65E61662DFFA78A00A2D01C /* Release */ = {
			isa = XCBuildConfiguration;
			buildSettings = {
				CODE_SIGN_STYLE = Automatic;
				CURRENT_PROJECT_VERSION = 1;
				DEVELOPMENT_TEAM = 4Q3A2PZ842;
				GENERATE_INFOPLIST_FILE = YES;
				MARKETING_VERSION = 1.0;
				PRODUCT_BUNDLE_IDENTIFIER = kosiuzodinma.UzoFitnessUITests;
				PRODUCT_NAME = "$(TARGET_NAME)";
				SWIFT_EMIT_LOC_STRINGS = NO;
				SWIFT_VERSION = 5.0;
				TARGETED_DEVICE_FAMILY = "1,2";
				TEST_TARGET_NAME = UzoFitness;
			};
			name = Release;
		};
		F6EE002D2E3845F20062D158 /* Debug */ = {
			isa = XCBuildConfiguration;
			buildSettings = {
				ASSETCATALOG_COMPILER_APPICON_NAME = AppIcon;
				ASSETCATALOG_COMPILER_GLOBAL_ACCENT_COLOR_NAME = AccentColor;
				CODE_SIGN_STYLE = Automatic;
				CURRENT_PROJECT_VERSION = 1;
				DEVELOPMENT_TEAM = 4Q3A2PZ842;
				ENABLE_PREVIEWS = YES;
				GENERATE_INFOPLIST_FILE = YES;
				INFOPLIST_KEY_CFBundleDisplayName = UzoFitnessWatch;
				INFOPLIST_KEY_UISupportedInterfaceOrientations = "UIInterfaceOrientationPortrait UIInterfaceOrientationPortraitUpsideDown";
				INFOPLIST_KEY_WKCompanionAppBundleIdentifier = kosiuzodinma.UzoFitness;
				LD_RUNPATH_SEARCH_PATHS = (
					"$(inherited)",
					"@executable_path/Frameworks",
				);
				MARKETING_VERSION = 1.0;
				PRODUCT_BUNDLE_IDENTIFIER = kosiuzodinma.UzoFitness.watchkitapp;
				PRODUCT_NAME = "$(TARGET_NAME)";
				SDKROOT = watchos;
				SKIP_INSTALL = YES;
				SWIFT_EMIT_LOC_STRINGS = YES;
				SWIFT_VERSION = 5.0;
				TARGETED_DEVICE_FAMILY = 4;
				WATCHOS_DEPLOYMENT_TARGET = 11.5;
			};
			name = Debug;
		};
		F6EE002E2E3845F20062D158 /* Release */ = {
			isa = XCBuildConfiguration;
			buildSettings = {
				ASSETCATALOG_COMPILER_APPICON_NAME = AppIcon;
				ASSETCATALOG_COMPILER_GLOBAL_ACCENT_COLOR_NAME = AccentColor;
				CODE_SIGN_ENTITLEMENTS = "UzoFitnessWatch Watch App/UzoFitnessWatch Watch AppRelease.entitlements";
				CODE_SIGN_STYLE = Automatic;
				CURRENT_PROJECT_VERSION = 1;
				DEVELOPMENT_TEAM = 4Q3A2PZ842;
				ENABLE_PREVIEWS = YES;
				GENERATE_INFOPLIST_FILE = YES;
				INFOPLIST_KEY_CFBundleDisplayName = UzoFitnessWatch;
				INFOPLIST_KEY_UISupportedInterfaceOrientations = "UIInterfaceOrientationPortrait UIInterfaceOrientationPortraitUpsideDown";
				INFOPLIST_KEY_WKCompanionAppBundleIdentifier = kosiuzodinma.UzoFitness;
				LD_RUNPATH_SEARCH_PATHS = (
					"$(inherited)",
					"@executable_path/Frameworks",
				);
				MARKETING_VERSION = 1.0;
				PRODUCT_BUNDLE_IDENTIFIER = kosiuzodinma.UzoFitness.watchkitapp;
				PRODUCT_NAME = "$(TARGET_NAME)";
				SDKROOT = watchos;
				SKIP_INSTALL = YES;
				SWIFT_EMIT_LOC_STRINGS = YES;
				SWIFT_VERSION = 5.0;
				TARGETED_DEVICE_FAMILY = 4;
				WATCHOS_DEPLOYMENT_TARGET = 11.5;
			};
			name = Release;
		};
/* End XCBuildConfiguration section */

/* Begin XCConfigurationList section */
		F65E61362DFFA78900A2D01C /* Build configuration list for PBXProject "UzoFitness" */ = {
			isa = XCConfigurationList;
			buildConfigurations = (
				F65E615C2DFFA78A00A2D01C /* Debug */,
				F65E615D2DFFA78A00A2D01C /* Release */,
			);
			defaultConfigurationIsVisible = 0;
			defaultConfigurationName = Release;
		};
		F65E615E2DFFA78A00A2D01C /* Build configuration list for PBXNativeTarget "UzoFitness" */ = {
			isa = XCConfigurationList;
			buildConfigurations = (
				F65E615F2DFFA78A00A2D01C /* Debug */,
				F65E61602DFFA78A00A2D01C /* Release */,
			);
			defaultConfigurationIsVisible = 0;
			defaultConfigurationName = Release;
		};
		F65E61612DFFA78A00A2D01C /* Build configuration list for PBXNativeTarget "UzoFitnessTests" */ = {
			isa = XCConfigurationList;
			buildConfigurations = (
				F65E61622DFFA78A00A2D01C /* Debug */,
				F65E61632DFFA78A00A2D01C /* Release */,
			);
			defaultConfigurationIsVisible = 0;
			defaultConfigurationName = Release;
		};
		F65E61642DFFA78A00A2D01C /* Build configuration list for PBXNativeTarget "UzoFitnessUITests" */ = {
			isa = XCConfigurationList;
			buildConfigurations = (
				F65E61652DFFA78A00A2D01C /* Debug */,
				F65E61662DFFA78A00A2D01C /* Release */,
			);
			defaultConfigurationIsVisible = 0;
			defaultConfigurationName = Release;
		};
		F6EE002F2E3845F20062D158 /* Build configuration list for PBXNativeTarget "UzoFitnessWatch Watch App" */ = {
			isa = XCConfigurationList;
			buildConfigurations = (
				F6EE002D2E3845F20062D158 /* Debug */,
				F6EE002E2E3845F20062D158 /* Release */,
			);
			defaultConfigurationIsVisible = 0;
			defaultConfigurationName = Release;
		};
/* End XCConfigurationList section */

/* Begin XCLocalSwiftPackageReference section */
		F6EE003F2E38567D0062D158 /* XCLocalSwiftPackageReference "UzoFitnessCore" */ = {
			isa = XCLocalSwiftPackageReference;
			relativePath = UzoFitnessCore;
		};
/* End XCLocalSwiftPackageReference section */

/* Begin XCSwiftPackageProductDependency section */
		F6EE00402E3856C30062D158 /* UzoFitnessCore */ = {
			isa = XCSwiftPackageProductDependency;
			package = F6EE003F2E38567D0062D158 /* XCLocalSwiftPackageReference "UzoFitnessCore" */;
			productName = UzoFitnessCore;
		};
		F6EEFA5C2E2ADDDD0062D158 /* UzoFitnessCore */ = {
			isa = XCSwiftPackageProductDependency;
			productName = UzoFitnessCore;
		};
/* End XCSwiftPackageProductDependency section */
	};
	rootObject = F65E61332DFFA78900A2D01C /* Project object */;
}
